
Microsoft Visual Studio Solution File, Format Version 12.00
# Visual Studio Version 16
VisualStudioVersion = 16.0.29009.5
MinimumVisualStudioVersion = 10.0.40219.1
Project("{FAE04EC0-301F-11D3-BF4B-00C04F79EFBC}") = "Exercise1", "Exercise1\Exercise1.csproj", "{F8DE5E0F-2B8E-4740-90A7-7AF904B3FBD2}"
EndProject
Project("{FAE04EC0-301F-11D3-BF4B-00C04F79EFBC}") = "Exercise2", "Exercise2\Exercise2.csproj", "{990A7482-573D-4A0D-B51C-3DF2B2196A8A}"
EndProject
Project("{FAE04EC0-301F-11D3-BF4B-00C04F79EFBC}") = "Exercise4", "Exercise4\Exercise4.csproj", "{CCA47F71-40AE-4B2C-98E1-A4433D04FE7A}"
EndProject
Project("{FAE04EC0-301F-11D3-BF4B-00C04F79EFBC}") = "Exercise3", "Exercise3\Exercise3.csproj", "{9A40A939-BD40-4A10-925F-F33840F5C9CF}"
EndProject
Project("{FAE04EC0-301F-11D3-BF4B-00C04F79EFBC}") = "Exercise5", "Exercise5\Exercise5.csproj", "{356AFA34-8057-48E8-9633-E9E63F9EF7E8}"
EndProject
Project("{FAE04EC0-301F-11D3-BF4B-00C04F79EFBC}") = "Exercise6", "Exercise6\Exercise6.csproj", "{24090F44-9C4F-4894-BA97-400FBA6F8A73}"
EndProject
Project("{FAE04EC0-301F-11D3-BF4B-00C04F79EFBC}") = "Exercise7", "Exercise7\Exercise7.csproj", "{2EEEC671-8A80-4BF1-8AC3-2D9AD705A7C1}"
EndProject
Project("{FAE04EC0-301F-11D3-BF4B-00C04F79EFBC}") = "Exercise8", "Exercise8\Exercise8.csproj", "{1E1EA3A5-BFB5-4DA5-B4AB-A9B421FC7E44}"
EndProject
Project("{FAE04EC0-301F-11D3-BF4B-00C04F79EFBC}") = "Exercise9", "Exercise9\Exercise9.csproj", "{EE106492-F0C7-46E6-9D2A-674726974CBA}"
EndProject
Project("{FAE04EC0-301F-11D3-BF4B-00C04F79EFBC}") = "Exercise10", "Exercise10\Exercise10.csproj", "{459B618C-D6F2-4A77-8DB3-209F47D5A0B1}"
EndProject
Global
	GlobalSection(SolutionConfigurationPlatforms) = preSolution
		Debug|Any CPU = Debug|Any CPU
		Release|Any CPU = Release|Any CPU
	EndGlobalSection
	GlobalSection(ProjectConfigurationPlatforms) = postSolution
		{F8DE5E0F-2B8E-4740-90A7-7AF904B3FBD2}.Debug|Any CPU.ActiveCfg = Debug|Any CPU
		{F8DE5E0F-2B8E-4740-90A7-7AF904B3FBD2}.Debug|Any CPU.Build.0 = Debug|Any CPU
		{F8DE5E0F-2B8E-4740-90A7-7AF904B3FBD2}.Release|Any CPU.ActiveCfg = Release|Any CPU
		{F8DE5E0F-2B8E-4740-90A7-7AF904B3FBD2}.Release|Any CPU.Build.0 = Release|Any CPU
		{990A7482-573D-4A0D-B51C-3DF2B2196A8A}.Debug|Any CPU.ActiveCfg = Debug|Any CPU
		{990A7482-573D-4A0D-B51C-3DF2B2196A8A}.Debug|Any CPU.Build.0 = Debug|Any CPU
		{990A7482-573D-4A0D-B51C-3DF2B2196A8A}.Release|Any CPU.ActiveCfg = Release|Any CPU
		{990A7482-573D-4A0D-B51C-3DF2B2196A8A}.Release|Any CPU.Build.0 = Release|Any CPU
		{CCA47F71-40AE-4B2C-98E1-A4433D04FE7A}.Debug|Any CPU.ActiveCfg = Debug|Any CPU
		{CCA47F71-40AE-4B2C-98E1-A4433D04FE7A}.Debug|Any CPU.Build.0 = Debug|Any CPU
		{CCA47F71-40AE-4B2C-98E1-A4433D04FE7A}.Release|Any CPU.ActiveCfg = Release|Any CPU
		{CCA47F71-40AE-4B2C-98E1-A4433D04FE7A}.Release|Any CPU.Build.0 = Release|Any CPU
		{9A40A939-BD40-4A10-925F-F33840F5C9CF}.Debug|Any CPU.ActiveCfg = Debug|Any CPU
		{9A40A939-BD40-4A10-925F-F33840F5C9CF}.Debug|Any CPU.Build.0 = Debug|Any CPU
		{9A40A939-BD40-4A10-925F-F33840F5C9CF}.Release|Any CPU.ActiveCfg = Release|Any CPU
		{9A40A939-BD40-4A10-925F-F33840F5C9CF}.Release|Any CPU.Build.0 = Release|Any CPU
		{356AFA34-8057-48E8-9633-E9E63F9EF7E8}.Debug|Any CPU.ActiveCfg = Debug|Any CPU
		{356AFA34-8057-48E8-9633-E9E63F9EF7E8}.Debug|Any CPU.Build.0 = Debug|Any CPU
		{356AFA34-8057-48E8-9633-E9E63F9EF7E8}.Release|Any CPU.ActiveCfg = Release|Any CPU
		{356AFA34-8057-48E8-9633-E9E63F9EF7E8}.Release|Any CPU.Build.0 = Release|Any CPU
		{24090F44-9C4F-4894-BA97-400FBA6F8A73}.Debug|Any CPU.ActiveCfg = Debug|Any CPU
		{24090F44-9C4F-4894-BA97-400FBA6F8A73}.Debug|Any CPU.Build.0 = Debug|Any CPU
		{24090F44-9C4F-4894-BA97-400FBA6F8A73}.Release|Any CPU.ActiveCfg = Release|Any CPU
		{24090F44-9C4F-4894-BA97-400FBA6F8A73}.Release|Any CPU.Build.0 = Release|Any CPU
		{2EEEC671-8A80-4BF1-8AC3-2D9AD705A7C1}.Debug|Any CPU.ActiveCfg = Debug|Any CPU
		{2EEEC671-8A80-4BF1-8AC3-2D9AD705A7C1}.Debug|Any CPU.Build.0 = Debug|Any CPU
		{2EEEC671-8A80-4BF1-8AC3-2D9AD705A7C1}.Release|Any CPU.ActiveCfg = Release|Any CPU
		{2EEEC671-8A80-4BF1-8AC3-2D9AD705A7C1}.Release|Any CPU.Build.0 = Release|Any CPU
		{1E1EA3A5-BFB5-4DA5-B4AB-A9B421FC7E44}.Debug|Any CPU.ActiveCfg = Debug|Any CPU
		{1E1EA3A5-BFB5-4DA5-B4AB-A9B421FC7E44}.Debug|Any CPU.Build.0 = Debug|Any CPU
		{1E1EA3A5-BFB5-4DA5-B4AB-A9B421FC7E44}.Release|Any CPU.ActiveCfg = Release|Any CPU
		{1E1EA3A5-BFB5-4DA5-B4AB-A9B421FC7E44}.Release|Any CPU.Build.0 = Release|Any CPU
		{EE106492-F0C7-46E6-9D2A-674726974CBA}.Debug|Any CPU.ActiveCfg = Debug|Any CPU
		{EE106492-F0C7-46E6-9D2A-674726974CBA}.Debug|Any CPU.Build.0 = Debug|Any CPU
		{EE106492-F0C7-46E6-9D2A-674726974CBA}.Release|Any CPU.ActiveCfg = Release|Any CPU
		{EE106492-F0C7-46E6-9D2A-674726974CBA}.Release|Any CPU.Build.0 = Release|Any CPU
		{459B618C-D6F2-4A77-8DB3-209F47D5A0B1}.Debug|Any CPU.ActiveCfg = Debug|Any CPU
		{459B618C-D6F2-4A77-8DB3-209F47D5A0B1}.Debug|Any CPU.Build.0 = Debug|Any CPU
		{459B618C-D6F2-4A77-8DB3-209F47D5A0B1}.Release|Any CPU.ActiveCfg = Release|Any CPU
		{459B618C-D6F2-4A77-8DB3-209F47D5A0B1}.Release|Any CPU.Build.0 = Release|Any CPU
	EndGlobalSection
	GlobalSection(SolutionProperties) = preSolution
		HideSolutionNode = FALSE
	EndGlobalSection
	GlobalSection(ExtensibilityGlobals) = postSolution
		SolutionGuid = {9E2B805A-E209-4714-AE87-3C7317951F1D}
	EndGlobalSection
EndGlobal
