
Microsoft Visual Studio Solution File, Format Version 12.00
# Visual Studio Version 16
VisualStudioVersion = 16.0.29123.88
MinimumVisualStudioVersion = 10.0.40219.1
Project("{FAE04EC0-301F-11D3-BF4B-00C04F79EFBC}") = "CalculateArea", "CalculateArea\CalculateArea.csproj", "{6764DB75-045A-462A-896D-E7150A08DE85}"
EndProject
Project("{FAE04EC0-301F-11D3-BF4B-00C04F79EFBC}") = "GravityCalculator", "GravityCalculator\GravityCalculator.csproj", "{21B4C2ED-21D7-4F86-9A72-FCAD10DE578E}"
EndProject
Project("{9A19103F-16F7-4668-BE54-9A1E7A4F7556}") = "SumAverageRunningInt", "SumAverageRunningInt\SumAverageRunningInt.csproj", "{3A626440-B412-47F6-A2D2-2330B1840FD6}"
EndProject
Project("{9A19103F-16F7-4668-BE54-9A1E7A4F7556}") = "Exercise2", "Exercise2\Exercise2.csproj", "{174D898D-4B9A-4D25-B586-0EEC40E314BA}"
EndProject
Project("{9A19103F-16F7-4668-BE54-9A1E7A4F7556}") = "Exercise5", "Exercise5\Exercise5.csproj", "{D96DCDB5-ED63-4087-99E4-F9912887EB6D}"
EndProject
Project("{9A19103F-16F7-4668-BE54-9A1E7A4F7556}") = "Exercise6", "Exercise6\Exercise6.csproj", "{51EFD04F-D334-4BE1-8F7F-2E6D612EB265}"
EndProject
Project("{9A19103F-16F7-4668-BE54-9A1E7A4F7556}") = "Exercise1", "Exercise1\Exercise1.csproj", "{83888A75-BE98-49F6-9DB0-AE4492F4D2C2}"
EndProject
Project("{FAE04EC0-301F-11D3-BF4B-00C04F79EFBC}") = "Exercise4", "Exercise4\Exercise4.csproj", "{9A0A7607-CF1B-4515-B019-8AFC1DC9C172}"
EndProject
Project("{FAE04EC0-301F-11D3-BF4B-00C04F79EFBC}") = "Exercise8", "Exercise8\Exercise8.csproj", "{C3F0C90D-0130-457E-92C0-1554F6ED67F4}"
EndProject
Project("{FAE04EC0-301F-11D3-BF4B-00C04F79EFBC}") = "Exercise9", "Exercise9\Exercise9.csproj", "{5983E021-56E8-44B5-ABE2-184740EC9D61}"
EndProject
Global
	GlobalSection(SolutionConfigurationPlatforms) = preSolution
		Debug|Any CPU = Debug|Any CPU
		Release|Any CPU = Release|Any CPU
	EndGlobalSection
	GlobalSection(ProjectConfigurationPlatforms) = postSolution
		{6764DB75-045A-462A-896D-E7150A08DE85}.Debug|Any CPU.ActiveCfg = Debug|Any CPU
		{6764DB75-045A-462A-896D-E7150A08DE85}.Debug|Any CPU.Build.0 = Debug|Any CPU
		{6764DB75-045A-462A-896D-E7150A08DE85}.Release|Any CPU.ActiveCfg = Release|Any CPU
		{6764DB75-045A-462A-896D-E7150A08DE85}.Release|Any CPU.Build.0 = Release|Any CPU
		{21B4C2ED-21D7-4F86-9A72-FCAD10DE578E}.Debug|Any CPU.ActiveCfg = Debug|Any CPU
		{21B4C2ED-21D7-4F86-9A72-FCAD10DE578E}.Debug|Any CPU.Build.0 = Debug|Any CPU
		{21B4C2ED-21D7-4F86-9A72-FCAD10DE578E}.Release|Any CPU.ActiveCfg = Release|Any CPU
		{21B4C2ED-21D7-4F86-9A72-FCAD10DE578E}.Release|Any CPU.Build.0 = Release|Any CPU
		{3A626440-B412-47F6-A2D2-2330B1840FD6}.Debug|Any CPU.ActiveCfg = Debug|Any CPU
		{3A626440-B412-47F6-A2D2-2330B1840FD6}.Debug|Any CPU.Build.0 = Debug|Any CPU
		{3A626440-B412-47F6-A2D2-2330B1840FD6}.Release|Any CPU.ActiveCfg = Release|Any CPU
		{3A626440-B412-47F6-A2D2-2330B1840FD6}.Release|Any CPU.Build.0 = Release|Any CPU
		{174D898D-4B9A-4D25-B586-0EEC40E314BA}.Debug|Any CPU.ActiveCfg = Debug|Any CPU
		{174D898D-4B9A-4D25-B586-0EEC40E314BA}.Debug|Any CPU.Build.0 = Debug|Any CPU
		{174D898D-4B9A-4D25-B586-0EEC40E314BA}.Release|Any CPU.ActiveCfg = Release|Any CPU
		{174D898D-4B9A-4D25-B586-0EEC40E314BA}.Release|Any CPU.Build.0 = Release|Any CPU
		{D96DCDB5-ED63-4087-99E4-F9912887EB6D}.Debug|Any CPU.ActiveCfg = Debug|Any CPU
		{D96DCDB5-ED63-4087-99E4-F9912887EB6D}.Debug|Any CPU.Build.0 = Debug|Any CPU
		{D96DCDB5-ED63-4087-99E4-F9912887EB6D}.Release|Any CPU.ActiveCfg = Release|Any CPU
		{D96DCDB5-ED63-4087-99E4-F9912887EB6D}.Release|Any CPU.Build.0 = Release|Any CPU
		{51EFD04F-D334-4BE1-8F7F-2E6D612EB265}.Debug|Any CPU.ActiveCfg = Debug|Any CPU
		{51EFD04F-D334-4BE1-8F7F-2E6D612EB265}.Debug|Any CPU.Build.0 = Debug|Any CPU
		{51EFD04F-D334-4BE1-8F7F-2E6D612EB265}.Release|Any CPU.ActiveCfg = Release|Any CPU
		{51EFD04F-D334-4BE1-8F7F-2E6D612EB265}.Release|Any CPU.Build.0 = Release|Any CPU
		{83888A75-BE98-49F6-9DB0-AE4492F4D2C2}.Debug|Any CPU.ActiveCfg = Debug|Any CPU
		{83888A75-BE98-49F6-9DB0-AE4492F4D2C2}.Debug|Any CPU.Build.0 = Debug|Any CPU
		{83888A75-BE98-49F6-9DB0-AE4492F4D2C2}.Release|Any CPU.ActiveCfg = Release|Any CPU
		{83888A75-BE98-49F6-9DB0-AE4492F4D2C2}.Release|Any CPU.Build.0 = Release|Any CPU
		{9A0A7607-CF1B-4515-B019-8AFC1DC9C172}.Debug|Any CPU.ActiveCfg = Debug|Any CPU
		{9A0A7607-CF1B-4515-B019-8AFC1DC9C172}.Debug|Any CPU.Build.0 = Debug|Any CPU
		{9A0A7607-CF1B-4515-B019-8AFC1DC9C172}.Release|Any CPU.ActiveCfg = Release|Any CPU
		{9A0A7607-CF1B-4515-B019-8AFC1DC9C172}.Release|Any CPU.Build.0 = Release|Any CPU
		{C3F0C90D-0130-457E-92C0-1554F6ED67F4}.Debug|Any CPU.ActiveCfg = Debug|Any CPU
		{C3F0C90D-0130-457E-92C0-1554F6ED67F4}.Debug|Any CPU.Build.0 = Debug|Any CPU
		{C3F0C90D-0130-457E-92C0-1554F6ED67F4}.Release|Any CPU.ActiveCfg = Release|Any CPU
		{C3F0C90D-0130-457E-92C0-1554F6ED67F4}.Release|Any CPU.Build.0 = Release|Any CPU
		{5983E021-56E8-44B5-ABE2-184740EC9D61}.Debug|Any CPU.ActiveCfg = Debug|Any CPU
		{5983E021-56E8-44B5-ABE2-184740EC9D61}.Debug|Any CPU.Build.0 = Debug|Any CPU
		{5983E021-56E8-44B5-ABE2-184740EC9D61}.Release|Any CPU.ActiveCfg = Release|Any CPU
		{5983E021-56E8-44B5-ABE2-184740EC9D61}.Release|Any CPU.Build.0 = Release|Any CPU
	EndGlobalSection
	GlobalSection(SolutionProperties) = preSolution
		HideSolutionNode = FALSE
	EndGlobalSection
	GlobalSection(ExtensibilityGlobals) = postSolution
		SolutionGuid = {22A75822-3C36-4529-B369-1F5A7653AD59}
	EndGlobalSection
EndGlobal
